<?xml version="1.0" encoding="utf-8"?>
<Project ToolsVersion="4.0" xmlns="http://schemas.microsoft.com/developer/msbuild/2003">
  <ItemGroup>
    <ClCompile Include="Allegro.cpp">
      <Filter>.cpps</Filter>
    </ClCompile>
    <ClCompile Include="Full.cpp">
      <Filter>.cpps</Filter>
    </ClCompile>
    <ClCompile Include="main.cpp">
      <Filter>.cpps</Filter>
    </ClCompile>
    <ClCompile Include="Output.cpp">
      <Filter>.cpps</Filter>
    </ClCompile>
    <ClCompile Include="Transaction.cpp">
      <Filter>.cpps</Filter>
    </ClCompile>
    <ClCompile Include="SPV.cpp">
      <Filter>.cpps</Filter>
    </ClCompile>
    <ClCompile Include="Block.cpp">
      <Filter>.cpps</Filter>
    </ClCompile>
    <ClCompile Include="EDAMerkleBlock.cpp">
      <Filter>.cpps</Filter>
    </ClCompile>
    <ClCompile Include="Subject.cpp">
      <Filter>.cpps</Filter>
    </ClCompile>
    <ClCompile Include="Controller.cpp">
      <Filter>.cpps</Filter>
    </ClCompile>
    <ClCompile Include="NodeView.cpp">
      <Filter>.cpps</Filter>
    </ClCompile>
    <ClCompile Include="SimulationView.cpp">
      <Filter>.cpps</Filter>
    </ClCompile>
  </ItemGroup>
  <ItemGroup>
    <ClInclude Include="Allegro.h">
      <Filter>.h</Filter>
    </ClInclude>
    <ClInclude Include="Block.h">
      <Filter>.h</Filter>
    </ClInclude>
    <ClInclude Include="EDAMerkleBlock.h">
      <Filter>.h</Filter>
    </ClInclude>
    <ClInclude Include="Full.h">
      <Filter>.h</Filter>
    </ClInclude>
    <ClInclude Include="GenerateID.h">
      <Filter>.h</Filter>
    </ClInclude>
    <ClInclude Include="HeaderBlock.h">
      <Filter>.h</Filter>
    </ClInclude>
    <ClInclude Include="Input.h">
      <Filter>.h</Filter>
    </ClInclude>
    <ClInclude Include="MerkleRoot.h">
      <Filter>.h</Filter>
    </ClInclude>
    <ClInclude Include="Node.h">
      <Filter>.h</Filter>
    </ClInclude>
    <ClInclude Include="Output.h">
      <Filter>.h</Filter>
    </ClInclude>
    <ClInclude Include="SPV.h">
      <Filter>.h</Filter>
    </ClInclude>
    <ClInclude Include="Transaction.h">
      <Filter>.h</Filter>
    </ClInclude>
    <ClInclude Include="UTXO.h">
      <Filter>.h</Filter>
    </ClInclude>
    <ClInclude Include="MerkleNode.h">
      <Filter>.h</Filter>
    </ClInclude>
    <ClInclude Include="Path.h">
      <Filter>.h</Filter>
    </ClInclude>
    <ClInclude Include="PathElement.h">
      <Filter>.h</Filter>
    </ClInclude>
    <ClInclude Include="Controller.h">
      <Filter>.h</Filter>
    </ClInclude>
    <ClInclude Include="Observer.h">
      <Filter>.h</Filter>
    </ClInclude>
    <ClInclude Include="Subject.h">
      <Filter>.h</Filter>
    </ClInclude>
    <ClInclude Include="NodeView.h">
      <Filter>.h</Filter>
    </ClInclude>
    <ClInclude Include="SimulationView.h">
      <Filter>.h</Filter>
    </ClInclude>
    <ClInclude Include="BlockView.h">
      <Filter>.h</Filter>
    </ClInclude>
    <ClInclude Include="BlockchainView.h">
      <Filter>.h</Filter>
    </ClInclude>
    <ClInclude Include="Simulation.h">
      <Filter>.h</Filter>
    </ClInclude>
    <ClInclude Include="Cajita.h">
      <Filter>.h</Filter>
    </ClInclude>
    <ClInclude Include="CajitaView.h">
      <Filter>.h</Filter>
    </ClInclude>
  </ItemGroup>
  <ItemGroup>
    <None Include="packages.config" />
  </ItemGroup>
  <ItemGroup>
    <Filter Include=".cpps">
      <UniqueIdentifier>{4a7c4a18-2647-461e-8a92-8e19fe123304}</UniqueIdentifier>
    </Filter>
    <Filter Include=".h">
      <UniqueIdentifier>{ebc14def-631a-437d-8dfe-3bc663bced26}</UniqueIdentifier>
    </Filter>
  </ItemGroup>
</Project>