<?xml version="1.0" encoding="utf-8"?>
<Project ToolsVersion="4.0" xmlns="http://schemas.microsoft.com/developer/msbuild/2003">
  <ItemGroup>
    <ClCompile Include="Allegro.cpp" />
    <ClCompile Include="main.cpp" />
    <ClCompile Include="Full.cpp" />
    <ClCompile Include="SPV.cpp" />
    <ClCompile Include="Transaction.cpp" />
    <ClCompile Include="Output.cpp" />
  </ItemGroup>
  <ItemGroup>
    <ClInclude Include="Allegro.h" />
    <ClInclude Include="EDAMerkleBlock.h" />
    <ClInclude Include="Full.h" />
    <ClInclude Include="Block.h" />
    <ClInclude Include="GenerateID.h" />
    <ClInclude Include="HeaderBlock.h" />
    <ClInclude Include="Input.h" />
    <ClInclude Include="MerkleBlock.h" />
    <ClInclude Include="MerkleRoot.h" />
    <ClInclude Include="MerkleStructure.h" />
    <ClInclude Include="Node.h" />
    <ClInclude Include="Output.h" />
    <ClInclude Include="SPV.h" />
    <ClInclude Include="Transaction.h" />
    <ClInclude Include="UTXO.h" />
  </ItemGroup>
  <ItemGroup>
    <None Include="packages.config" />
  </ItemGroup>
</Project>